
Microsoft Visual Studio Solution File, Format Version 12.00
# Visual Studio Version 17
VisualStudioVersion = 17.7.34031.279
MinimumVisualStudioVersion = 10.0.40219.1
Project("{FAE04EC0-301F-11D3-BF4B-00C04F79EFBC}") = "l2_containers_managementelements", "l2_containers_managementelements\l2_containers_managementelements.csproj", "{0EC8B399-7EB0-4928-96CC-7B9D59FAF7CE}"
EndProject
Project("{FAE04EC0-301F-11D3-BF4B-00C04F79EFBC}") = "l2_task2_Calc", "l2_task2_Calc\l2_task2_Calc.csproj", "{3FEA3475-D0B8-4016-AF77-A436F342771E}"
EndProject
Global
	GlobalSection(SolutionConfigurationPlatforms) = preSolution
		Debug|Any CPU = Debug|Any CPU
		Release|Any CPU = Release|Any CPU
	EndGlobalSection
	GlobalSection(ProjectConfigurationPlatforms) = postSolution
		{0EC8B399-7EB0-4928-96CC-7B9D59FAF7CE}.Debug|Any CPU.ActiveCfg = Debug|Any CPU
		{0EC8B399-7EB0-4928-96CC-7B9D59FAF7CE}.Debug|Any CPU.Build.0 = Debug|Any CPU
		{0EC8B399-7EB0-4928-96CC-7B9D59FAF7CE}.Release|Any CPU.ActiveCfg = Release|Any CPU
		{0EC8B399-7EB0-4928-96CC-7B9D59FAF7CE}.Release|Any CPU.Build.0 = Release|Any CPU
		{3FEA3475-D0B8-4016-AF77-A436F342771E}.Debug|Any CPU.ActiveCfg = Debug|Any CPU
		{3FEA3475-D0B8-4016-AF77-A436F342771E}.Debug|Any CPU.Build.0 = Debug|Any CPU
		{3FEA3475-D0B8-4016-AF77-A436F342771E}.Release|Any CPU.ActiveCfg = Release|Any CPU
		{3FEA3475-D0B8-4016-AF77-A436F342771E}.Release|Any CPU.Build.0 = Release|Any CPU
	EndGlobalSection
	GlobalSection(SolutionProperties) = preSolution
		HideSolutionNode = FALSE
	EndGlobalSection
	GlobalSection(ExtensibilityGlobals) = postSolution
		SolutionGuid = {8BDF5AA1-E908-4C26-878E-120FA5395E71}
	EndGlobalSection
EndGlobal
